
Microsoft Visual Studio Solution File, Format Version 12.00
# Visual Studio Version 17
VisualStudioVersion = 17.5.002.0
MinimumVisualStudioVersion = 10.0.40219.1
Project("{9A19103F-16F7-4668-BE54-9A1E7A4F7556}") = "dotnet-helloworld", "dotnet-helloworld.csproj", "{A9578462-E334-47FD-9596-49DC9783C0A7}"
EndProject
Global
	GlobalSection(SolutionConfigurationPlatforms) = preSolution
		Debug|Any CPU = Debug|Any CPU
		Release|Any CPU = Release|Any CPU
	EndGlobalSection
	GlobalSection(ProjectConfigurationPlatforms) = postSolution
		{A9578462-E334-47FD-9596-49DC9783C0A7}.Debug|Any CPU.ActiveCfg = Debug|Any CPU
		{A9578462-E334-47FD-9596-49DC9783C0A7}.Debug|Any CPU.Build.0 = Debug|Any CPU
		{A9578462-E334-47FD-9596-49DC9783C0A7}.Release|Any CPU.ActiveCfg = Release|Any CPU
		{A9578462-E334-47FD-9596-49DC9783C0A7}.Release|Any CPU.Build.0 = Release|Any CPU
	EndGlobalSection
	GlobalSection(SolutionProperties) = preSolution
		HideSolutionNode = FALSE
	EndGlobalSection
	GlobalSection(ExtensibilityGlobals) = postSolution
		SolutionGuid = {F23FB2A4-25A0-4C37-8008-3DA6B40018DE}
	EndGlobalSection
EndGlobal
